
Microsoft Visual Studio Solution File, Format Version 12.00
# Visual Studio Version 16
VisualStudioVersion = 16.0.31911.196
MinimumVisualStudioVersion = 10.0.40219.1
Project("{FAE04EC0-301F-11D3-BF4B-00C04F79EFBC}") = "BookingSystem3", "BookingSystem3\BookingSystem3.csproj", "{A57F8BD1-781B-4EBA-B986-4ACC805AB2F8}"
EndProject
Global
	GlobalSection(SolutionConfigurationPlatforms) = preSolution
		Debug|Any CPU = Debug|Any CPU
		Release|Any CPU = Release|Any CPU
	EndGlobalSection
	GlobalSection(ProjectConfigurationPlatforms) = postSolution
		{A57F8BD1-781B-4EBA-B986-4ACC805AB2F8}.Debug|Any CPU.ActiveCfg = Debug|Any CPU
		{A57F8BD1-781B-4EBA-B986-4ACC805AB2F8}.Debug|Any CPU.Build.0 = Debug|Any CPU
		{A57F8BD1-781B-4EBA-B986-4ACC805AB2F8}.Release|Any CPU.ActiveCfg = Release|Any CPU
		{A57F8BD1-781B-4EBA-B986-4ACC805AB2F8}.Release|Any CPU.Build.0 = Release|Any CPU
	EndGlobalSection
	GlobalSection(SolutionProperties) = preSolution
		HideSolutionNode = FALSE
	EndGlobalSection
	GlobalSection(ExtensibilityGlobals) = postSolution
		SolutionGuid = {B05456C7-A2EF-40C1-A1B4-DF2EE4D9F4DE}
	EndGlobalSection
EndGlobal
